
Microsoft Visual Studio Solution File, Format Version 12.00
# Visual Studio Version 16
VisualStudioVersion = 16.0.33214.272
MinimumVisualStudioVersion = 10.0.40219.1
Project("{FAE04EC0-301F-11D3-BF4B-00C04F79EFBC}") = "wpf", "wpf.csproj", "{6399FFD9-78C0-4186-AC6D-0ED3AD8F1E44}"
EndProject
Global
	GlobalSection(SolutionConfigurationPlatforms) = preSolution
		Debug|Any CPU = Debug|Any CPU
		Release|Any CPU = Release|Any CPU
	EndGlobalSection
	GlobalSection(ProjectConfigurationPlatforms) = postSolution
		{6399FFD9-78C0-4186-AC6D-0ED3AD8F1E44}.Debug|Any CPU.ActiveCfg = Debug|Any CPU
		{6399FFD9-78C0-4186-AC6D-0ED3AD8F1E44}.Debug|Any CPU.Build.0 = Debug|Any CPU
		{6399FFD9-78C0-4186-AC6D-0ED3AD8F1E44}.Release|Any CPU.ActiveCfg = Release|Any CPU
		{6399FFD9-78C0-4186-AC6D-0ED3AD8F1E44}.Release|Any CPU.Build.0 = Release|Any CPU
	EndGlobalSection
	GlobalSection(SolutionProperties) = preSolution
		HideSolutionNode = FALSE
	EndGlobalSection
	GlobalSection(ExtensibilityGlobals) = postSolution
		SolutionGuid = {57CC0420-9AF0-46B0-9EF0-5449DAB230E6}
	EndGlobalSection
EndGlobal
