
Microsoft Visual Studio Solution File, Format Version 12.00
# Visual Studio Version 16
VisualStudioVersion = 16.0.33214.272
MinimumVisualStudioVersion = 10.0.40219.1
Project("{FAE04EC0-301F-11D3-BF4B-00C04F79EFBC}") = "CshrpPR1", "CshrpPR1.csproj", "{667C7057-9609-4B5F-8440-4EB5927BAEAD}"
EndProject
Global
	GlobalSection(SolutionConfigurationPlatforms) = preSolution
		Debug|Any CPU = Debug|Any CPU
		Release|Any CPU = Release|Any CPU
	EndGlobalSection
	GlobalSection(ProjectConfigurationPlatforms) = postSolution
		{667C7057-9609-4B5F-8440-4EB5927BAEAD}.Debug|Any CPU.ActiveCfg = Debug|Any CPU
		{667C7057-9609-4B5F-8440-4EB5927BAEAD}.Debug|Any CPU.Build.0 = Debug|Any CPU
		{667C7057-9609-4B5F-8440-4EB5927BAEAD}.Release|Any CPU.ActiveCfg = Release|Any CPU
		{667C7057-9609-4B5F-8440-4EB5927BAEAD}.Release|Any CPU.Build.0 = Release|Any CPU
	EndGlobalSection
	GlobalSection(SolutionProperties) = preSolution
		HideSolutionNode = FALSE
	EndGlobalSection
	GlobalSection(ExtensibilityGlobals) = postSolution
		SolutionGuid = {19FB6A22-9C49-43A2-AE07-7D12B744A8F1}
	EndGlobalSection
EndGlobal
